
Microsoft Visual Studio Solution File, Format Version 12.00
# Visual Studio 15
VisualStudioVersion = 15.0.27428.2043
MinimumVisualStudioVersion = 10.0.40219.1
Project("{FAE04EC0-301F-11D3-BF4B-00C04F79EFBC}") = "TestProj", "TestProj\TestProj.csproj", "{DDF67999-EA23-4F0C-B0FC-59C54C211E44}"
EndProject
Project("{2150E333-8FDC-42A3-9474-1A3956D46DE8}") = "Solution Items", "Solution Items", "{B55BE13F-E59C-41EA-B5FC-A84517411FFA}"
	ProjectSection(SolutionItems) = preProject
		.gitattributes = .gitattributes
		.gitignore = .gitignore
	EndProjectSection
EndProject
Project("{FAE04EC0-301F-11D3-BF4B-00C04F79EFBC}") = "TestProj.Tests", "TestProj.Tests\TestProj.Tests.csproj", "{11CCFCA9-8D5F-4959-8124-C79A210A8839}"
EndProject
Global
	GlobalSection(SolutionConfigurationPlatforms) = preSolution
		Debug|Any CPU = Debug|Any CPU
		Release|Any CPU = Release|Any CPU
	EndGlobalSection
	GlobalSection(ProjectConfigurationPlatforms) = postSolution
		{DDF67999-EA23-4F0C-B0FC-59C54C211E44}.Debug|Any CPU.ActiveCfg = Debug|Any CPU
		{DDF67999-EA23-4F0C-B0FC-59C54C211E44}.Debug|Any CPU.Build.0 = Debug|Any CPU
		{DDF67999-EA23-4F0C-B0FC-59C54C211E44}.Release|Any CPU.ActiveCfg = Release|Any CPU
		{DDF67999-EA23-4F0C-B0FC-59C54C211E44}.Release|Any CPU.Build.0 = Release|Any CPU
		{11CCFCA9-8D5F-4959-8124-C79A210A8839}.Debug|Any CPU.ActiveCfg = Debug|Any CPU
		{11CCFCA9-8D5F-4959-8124-C79A210A8839}.Debug|Any CPU.Build.0 = Debug|Any CPU
		{11CCFCA9-8D5F-4959-8124-C79A210A8839}.Release|Any CPU.ActiveCfg = Release|Any CPU
		{11CCFCA9-8D5F-4959-8124-C79A210A8839}.Release|Any CPU.Build.0 = Release|Any CPU
	EndGlobalSection
	GlobalSection(SolutionProperties) = preSolution
		HideSolutionNode = FALSE
	EndGlobalSection
	GlobalSection(ExtensibilityGlobals) = postSolution
		SolutionGuid = {E6A137F7-B89D-4196-A8AF-10ABEAFCC7C8}
	EndGlobalSection
EndGlobal
